
Microsoft Visual Studio Solution File, Format Version 12.00
# Visual Studio Version 17
VisualStudioVersion = 17.1.31903.286
MinimumVisualStudioVersion = 10.0.40219.1
Project("{9A19103F-16F7-4668-BE54-9A1E7A4F7556}") = "WorkFlowGenerator", "WorkFlowGenerator\WorkFlowGenerator.csproj", "{457229C5-4108-430F-B87D-488D12D52C6F}"
EndProject
Project("{2150E333-8FDC-42A3-9474-1A3956D46DE8}") = "Solution Items", "Solution Items", "{EAAAC7C7-26E4-4D8B-B586-D23539C4DD5E}"
	ProjectSection(SolutionItems) = preProject
		.editorconfig = .editorconfig
		..\.github\workflows\main_release.yaml = ..\.github\workflows\main_release.yaml
		..\.github\workflows\pr_build.yaml = ..\.github\workflows\pr_build.yaml
		..\README.md = ..\README.md
	EndProjectSection
EndProject
Project("{9A19103F-16F7-4668-BE54-9A1E7A4F7556}") = "WorkFlowGenerator.Tests", "WorkFlowGenerator.Tests\WorkFlowGenerator.Tests.csproj", "{DDEF95A7-5F65-446E-AB36-77A3512D196F}"
EndProject
Global
	GlobalSection(SolutionConfigurationPlatforms) = preSolution
		Debug|Any CPU = Debug|Any CPU
		Release|Any CPU = Release|Any CPU
	EndGlobalSection
	GlobalSection(ProjectConfigurationPlatforms) = postSolution
		{457229C5-4108-430F-B87D-488D12D52C6F}.Debug|Any CPU.ActiveCfg = Debug|Any CPU
		{457229C5-4108-430F-B87D-488D12D52C6F}.Debug|Any CPU.Build.0 = Debug|Any CPU
		{457229C5-4108-430F-B87D-488D12D52C6F}.Release|Any CPU.ActiveCfg = Release|Any CPU
		{457229C5-4108-430F-B87D-488D12D52C6F}.Release|Any CPU.Build.0 = Release|Any CPU
		{DDEF95A7-5F65-446E-AB36-77A3512D196F}.Debug|Any CPU.ActiveCfg = Debug|Any CPU
		{DDEF95A7-5F65-446E-AB36-77A3512D196F}.Debug|Any CPU.Build.0 = Debug|Any CPU
		{DDEF95A7-5F65-446E-AB36-77A3512D196F}.Release|Any CPU.ActiveCfg = Release|Any CPU
		{DDEF95A7-5F65-446E-AB36-77A3512D196F}.Release|Any CPU.Build.0 = Release|Any CPU
	EndGlobalSection
	GlobalSection(SolutionProperties) = preSolution
		HideSolutionNode = FALSE
	EndGlobalSection
	GlobalSection(ExtensibilityGlobals) = postSolution
		SolutionGuid = {D4FAF071-B3A4-42BB-B70C-34249C8BFDEB}
	EndGlobalSection
EndGlobal
